// !$*UTF8*$!
{
	archiveVersion = 1;
	classes = {
	};
	objectVersion = 50;
	objects = {

/* Begin PBXBuildFile section */
		8B022A3D23B24CF600B2932D /* AppDelegate.swift in Sources */ = {isa = PBXBuildFile; fileRef = 8B022A3C23B24CF600B2932D /* AppDelegate.swift */; };
		8B022A3F23B24CF600B2932D /* SceneDelegate.swift in Sources */ = {isa = PBXBuildFile; fileRef = 8B022A3E23B24CF600B2932D /* SceneDelegate.swift */; };
		8B022A4123B24CF600B2932D /* ViewController.swift in Sources */ = {isa = PBXBuildFile; fileRef = 8B022A4023B24CF600B2932D /* ViewController.swift */; };
		8B022A4423B24CF600B2932D /* Main.storyboard in Resources */ = {isa = PBXBuildFile; fileRef = 8B022A4223B24CF600B2932D /* Main.storyboard */; };
		8B022A4623B24CF700B2932D /* Assets.xcassets in Resources */ = {isa = PBXBuildFile; fileRef = 8B022A4523B24CF700B2932D /* Assets.xcassets */; };
		8B022A4923B24CF700B2932D /* LaunchScreen.storyboard in Resources */ = {isa = PBXBuildFile; fileRef = 8B022A4723B24CF700B2932D /* LaunchScreen.storyboard */; };
		8B022A5423B24CF700B2932D /* LewisOHerlihy_AppTests.swift in Sources */ = {isa = PBXBuildFile; fileRef = 8B022A5323B24CF700B2932D /* LewisOHerlihy_AppTests.swift */; };
		8B022A5F23B24CF800B2932D /* LewisOHerlihy_AppUITests.swift in Sources */ = {isa = PBXBuildFile; fileRef = 8B022A5E23B24CF800B2932D /* LewisOHerlihy_AppUITests.swift */; };
		8B022A6D23B24D6800B2932D /* aim.png in Resources */ = {isa = PBXBuildFile; fileRef = 8B022A6C23B24D6800B2932D /* aim.png */; };
		8B022A6F23B24E1500B2932D /* DragImageView.swift in Sources */ = {isa = PBXBuildFile; fileRef = 8B022A6E23B24E1500B2932D /* DragImageView.swift */; };
/* End PBXBuildFile section */

/* Begin PBXContainerItemProxy section */
		8B022A5023B24CF700B2932D /* PBXContainerItemProxy */ = {
			isa = PBXContainerItemProxy;
			containerPortal = 8B022A3123B24CF600B2932D /* Project object */;
			proxyType = 1;
			remoteGlobalIDString = 8B022A3823B24CF600B2932D;
			remoteInfo = LewisOHerlihy_App;
		};
		8B022A5B23B24CF800B2932D /* PBXContainerItemProxy */ = {
			isa = PBXContainerItemProxy;
			containerPortal = 8B022A3123B24CF600B2932D /* Project object */;
			proxyType = 1;
			remoteGlobalIDString = 8B022A3823B24CF600B2932D;
			remoteInfo = LewisOHerlihy_App;
		};
/* End PBXContainerItemProxy section */

/* Begin PBXFileReference section */
		8B022A3923B24CF600B2932D /* LewisOHerlihy_App.app */ = {isa = PBXFileReference; explicitFileType = wrapper.application; includeInIndex = 0; path = LewisOHerlihy_App.app; sourceTree = BUILT_PRODUCTS_DIR; };
		8B022A3C23B24CF600B2932D /* AppDelegate.swift */ = {isa = PBXFileReference; lastKnownFileType = sourcecode.swift; path = AppDelegate.swift; sourceTree = "<group>"; };
		8B022A3E23B24CF600B2932D /* SceneDelegate.swift */ = {isa = PBXFileReference; lastKnownFileType = sourcecode.swift; path = SceneDelegate.swift; sourceTree = "<group>"; };
		8B022A4023B24CF600B2932D /* ViewController.swift */ = {isa = PBXFileReference; lastKnownFileType = sourcecode.swift; path = ViewController.swift; sourceTree = "<group>"; };
		8B022A4323B24CF600B2932D /* Base */ = {isa = PBXFileReference; lastKnownFileType = file.storyboard; name = Base; path = Base.lproj/Main.storyboard; sourceTree = "<group>"; };
		8B022A4523B24CF700B2932D /* Assets.xcassets */ = {isa = PBXFileReference; lastKnownFileType = folder.assetcatalog; path = Assets.xcassets; sourceTree = "<group>"; };
		8B022A4823B24CF700B2932D /* Base */ = {isa = PBXFileReference; lastKnownFileType = file.storyboard; name = Base; path = Base.lproj/LaunchScreen.storyboard; sourceTree = "<group>"; };
		8B022A4A23B24CF700B2932D /* Info.plist */ = {isa = PBXFileReference; lastKnownFileType = text.plist.xml; path = Info.plist; sourceTree = "<group>"; };
		8B022A4F23B24CF700B2932D /* LewisOHerlihy_AppTests.xctest */ = {isa = PBXFileReference; explicitFileType = wrapper.cfbundle; includeInIndex = 0; path = LewisOHerlihy_AppTests.xctest; sourceTree = BUILT_PRODUCTS_DIR; };
		8B022A5323B24CF700B2932D /* LewisOHerlihy_AppTests.swift */ = {isa = PBXFileReference; lastKnownFileType = sourcecode.swift; path = LewisOHerlihy_AppTests.swift; sourceTree = "<group>"; };
		8B022A5523B24CF700B2932D /* Info.plist */ = {isa = PBXFileReference; lastKnownFileType = text.plist.xml; path = Info.plist; sourceTree = "<group>"; };
		8B022A5A23B24CF800B2932D /* LewisOHerlihy_AppUITests.xctest */ = {isa = PBXFileReference; explicitFileType = wrapper.cfbundle; includeInIndex = 0; path = LewisOHerlihy_AppUITests.xctest; sourceTree = BUILT_PRODUCTS_DIR; };
		8B022A5E23B24CF800B2932D /* LewisOHerlihy_AppUITests.swift */ = {isa = PBXFileReference; lastKnownFileType = sourcecode.swift; path = LewisOHerlihy_AppUITests.swift; sourceTree = "<group>"; };
		8B022A6023B24CF800B2932D /* Info.plist */ = {isa = PBXFileReference; lastKnownFileType = text.plist.xml; path = Info.plist; sourceTree = "<group>"; };
		8B022A6C23B24D6800B2932D /* aim.png */ = {isa = PBXFileReference; lastKnownFileType = image.png; path = aim.png; sourceTree = "<group>"; };
		8B022A6E23B24E1500B2932D /* DragImageView.swift */ = {isa = PBXFileReference; lastKnownFileType = sourcecode.swift; path = DragImageView.swift; sourceTree = "<group>"; };
/* End PBXFileReference section */

/* Begin PBXFrameworksBuildPhase section */
		8B022A3623B24CF600B2932D /* Frameworks */ = {
			isa = PBXFrameworksBuildPhase;
			buildActionMask = 2147483647;
			files = (
			);
			runOnlyForDeploymentPostprocessing = 0;
		};
		8B022A4C23B24CF700B2932D /* Frameworks */ = {
			isa = PBXFrameworksBuildPhase;
			buildActionMask = 2147483647;
			files = (
			);
			runOnlyForDeploymentPostprocessing = 0;
		};
		8B022A5723B24CF800B2932D /* Frameworks */ = {
			isa = PBXFrameworksBuildPhase;
			buildActionMask = 2147483647;
			files = (
			);
			runOnlyForDeploymentPostprocessing = 0;
		};
/* End PBXFrameworksBuildPhase section */

/* Begin PBXGroup section */
		8B022A3023B24CF600B2932D = {
			isa = PBXGroup;
			children = (
				8B022A3B23B24CF600B2932D /* LewisOHerlihy_App */,
				8B022A5223B24CF700B2932D /* LewisOHerlihy_AppTests */,
				8B022A5D23B24CF800B2932D /* LewisOHerlihy_AppUITests */,
				8B022A3A23B24CF600B2932D /* Products */,
			);
			sourceTree = "<group>";
		};
		8B022A3A23B24CF600B2932D /* Products */ = {
			isa = PBXGroup;
			children = (
				8B022A3923B24CF600B2932D /* LewisOHerlihy_App.app */,
				8B022A4F23B24CF700B2932D /* LewisOHerlihy_AppTests.xctest */,
				8B022A5A23B24CF800B2932D /* LewisOHerlihy_AppUITests.xctest */,
			);
			name = Products;
			sourceTree = "<group>";
		};
		8B022A3B23B24CF600B2932D /* LewisOHerlihy_App */ = {
			isa = PBXGroup;
			children = (
				8B022A3C23B24CF600B2932D /* AppDelegate.swift */,
				8B022A3E23B24CF600B2932D /* SceneDelegate.swift */,
				8B022A6C23B24D6800B2932D /* aim.png */,
				8B022A4223B24CF600B2932D /* Main.storyboard */,
				8B022A6E23B24E1500B2932D /* DragImageView.swift */,
				8B022A4023B24CF600B2932D /* ViewController.swift */,
				8B022A4523B24CF700B2932D /* Assets.xcassets */,
				8B022A4723B24CF700B2932D /* LaunchScreen.storyboard */,
				8B022A4A23B24CF700B2932D /* Info.plist */,
			);
			path = LewisOHerlihy_App;
			sourceTree = "<group>";
		};
		8B022A5223B24CF700B2932D /* LewisOHerlihy_AppTests */ = {
			isa = PBXGroup;
			children = (
				8B022A5323B24CF700B2932D /* LewisOHerlihy_AppTests.swift */,
				8B022A5523B24CF700B2932D /* Info.plist */,
			);
			path = LewisOHerlihy_AppTests;
			sourceTree = "<group>";
		};
		8B022A5D23B24CF800B2932D /* LewisOHerlihy_AppUITests */ = {
			isa = PBXGroup;
			children = (
				8B022A5E23B24CF800B2932D /* LewisOHerlihy_AppUITests.swift */,
				8B022A6023B24CF800B2932D /* Info.plist */,
			);
			path = LewisOHerlihy_AppUITests;
			sourceTree = "<group>";
		};
/* End PBXGroup section */

/* Begin PBXNativeTarget section */
		8B022A3823B24CF600B2932D /* LewisOHerlihy_App */ = {
			isa = PBXNativeTarget;
			buildConfigurationList = 8B022A6323B24CF800B2932D /* Build configuration list for PBXNativeTarget "LewisOHerlihy_App" */;
			buildPhases = (
				8B022A3523B24CF600B2932D /* Sources */,
				8B022A3623B24CF600B2932D /* Frameworks */,
				8B022A3723B24CF600B2932D /* Resources */,
			);
			buildRules = (
			);
			dependencies = (
			);
			name = LewisOHerlihy_App;
			productName = LewisOHerlihy_App;
			productReference = 8B022A3923B24CF600B2932D /* LewisOHerlihy_App.app */;
			productType = "com.apple.product-type.application";
		};
		8B022A4E23B24CF700B2932D /* LewisOHerlihy_AppTests */ = {
			isa = PBXNativeTarget;
			buildConfigurationList = 8B022A6623B24CF800B2932D /* Build configuration list for PBXNativeTarget "LewisOHerlihy_AppTests" */;
			buildPhases = (
				8B022A4B23B24CF700B2932D /* Sources */,
				8B022A4C23B24CF700B2932D /* Frameworks */,
				8B022A4D23B24CF700B2932D /* Resources */,
			);
			buildRules = (
			);
			dependencies = (
				8B022A5123B24CF700B2932D /* PBXTargetDependency */,
			);
			name = LewisOHerlihy_AppTests;
			productName = LewisOHerlihy_AppTests;
			productReference = 8B022A4F23B24CF700B2932D /* LewisOHerlihy_AppTests.xctest */;
			productType = "com.apple.product-type.bundle.unit-test";
		};
		8B022A5923B24CF800B2932D /* LewisOHerlihy_AppUITests */ = {
			isa = PBXNativeTarget;
			buildConfigurationList = 8B022A6923B24CF800B2932D /* Build configuration list for PBXNativeTarget "LewisOHerlihy_AppUITests" */;
			buildPhases = (
				8B022A5623B24CF800B2932D /* Sources */,
				8B022A5723B24CF800B2932D /* Frameworks */,
				8B022A5823B24CF800B2932D /* Resources */,
			);
			buildRules = (
			);
			dependencies = (
				8B022A5C23B24CF800B2932D /* PBXTargetDependency */,
			);
			name = LewisOHerlihy_AppUITests;
			productName = LewisOHerlihy_AppUITests;
			productReference = 8B022A5A23B24CF800B2932D /* LewisOHerlihy_AppUITests.xctest */;
			productType = "com.apple.product-type.bundle.ui-testing";
		};
/* End PBXNativeTarget section */

/* Begin PBXProject section */
		8B022A3123B24CF600B2932D /* Project object */ = {
			isa = PBXProject;
			attributes = {
				LastSwiftUpdateCheck = 1130;
				LastUpgradeCheck = 1130;
				ORGANIZATIONNAME = "Lewis O'Herllihy";
				TargetAttributes = {
					8B022A3823B24CF600B2932D = {
						CreatedOnToolsVersion = 11.3;
					};
					8B022A4E23B24CF700B2932D = {
						CreatedOnToolsVersion = 11.3;
						TestTargetID = 8B022A3823B24CF600B2932D;
					};
					8B022A5923B24CF800B2932D = {
						CreatedOnToolsVersion = 11.3;
						TestTargetID = 8B022A3823B24CF600B2932D;
					};
				};
			};
			buildConfigurationList = 8B022A3423B24CF600B2932D /* Build configuration list for PBXProject "LewisOHerlihy_App" */;
			compatibilityVersion = "Xcode 9.3";
			developmentRegion = en;
			hasScannedForEncodings = 0;
			knownRegions = (
				en,
				Base,
			);
			mainGroup = 8B022A3023B24CF600B2932D;
			productRefGroup = 8B022A3A23B24CF600B2932D /* Products */;
			projectDirPath = "";
			projectRoot = "";
			targets = (
				8B022A3823B24CF600B2932D /* LewisOHerlihy_App */,
				8B022A4E23B24CF700B2932D /* LewisOHerlihy_AppTests */,
				8B022A5923B24CF800B2932D /* LewisOHerlihy_AppUITests */,
			);
		};
/* End PBXProject section */

/* Begin PBXResourcesBuildPhase section */
		8B022A3723B24CF600B2932D /* Resources */ = {
			isa = PBXResourcesBuildPhase;
			buildActionMask = 2147483647;
			files = (
				8B022A4923B24CF700B2932D /* LaunchScreen.storyboard in Resources */,
				8B022A6D23B24D6800B2932D /* aim.png in Resources */,
				8B022A4623B24CF700B2932D /* Assets.xcassets in Resources */,
				8B022A4423B24CF600B2932D /* Main.storyboard in Resources */,
			);
			runOnlyForDeploymentPostprocessing = 0;
		};
		8B022A4D23B24CF700B2932D /* Resources */ = {
			isa = PBXResourcesBuildPhase;
			buildActionMask = 2147483647;
			files = (
			);
			runOnlyForDeploymentPostprocessing = 0;
		};
		8B022A5823B24CF800B2932D /* Resources */ = {
			isa = PBXResourcesBuildPhase;
			buildActionMask = 2147483647;
			files = (
			);
			runOnlyForDeploymentPostprocessing = 0;
		};
/* End PBXResourcesBuildPhase section */

/* Begin PBXSourcesBuildPhase section */
		8B022A3523B24CF600B2932D /* Sources */ = {
			isa = PBXSourcesBuildPhase;
			buildActionMask = 2147483647;
			files = (
				8B022A4123B24CF600B2932D /* ViewController.swift in Sources */,
				8B022A3D23B24CF600B2932D /* AppDelegate.swift in Sources */,
				8B022A6F23B24E1500B2932D /* DragImageView.swift in Sources */,
				8B022A3F23B24CF600B2932D /* SceneDelegate.swift in Sources */,
			);
			runOnlyForDeploymentPostprocessing = 0;
		};
		8B022A4B23B24CF700B2932D /* Sources */ = {
			isa = PBXSourcesBuildPhase;
			buildActionMask = 2147483647;
			files = (
				8B022A5423B24CF700B2932D /* LewisOHerlihy_AppTests.swift in Sources */,
			);
			runOnlyForDeploymentPostprocessing = 0;
		};
		8B022A5623B24CF800B2932D /* Sources */ = {
			isa = PBXSourcesBuildPhase;
			buildActionMask = 2147483647;
			files = (
				8B022A5F23B24CF800B2932D /* LewisOHerlihy_AppUITests.swift in Sources */,
			);
			runOnlyForDeploymentPostprocessing = 0;
		};
/* End PBXSourcesBuildPhase section */

/* Begin PBXTargetDependency section */
		8B022A5123B24CF700B2932D /* PBXTargetDependency */ = {
			isa = PBXTargetDependency;
			target = 8B022A3823B24CF600B2932D /* LewisOHerlihy_App */;
			targetProxy = 8B022A5023B24CF700B2932D /* PBXContainerItemProxy */;
		};
		8B022A5C23B24CF800B2932D /* PBXTargetDependency */ = {
			isa = PBXTargetDependency;
			target = 8B022A3823B24CF600B2932D /* LewisOHerlihy_App */;
			targetProxy = 8B022A5B23B24CF800B2932D /* PBXContainerItemProxy */;
		};
/* End PBXTargetDependency section */

/* Begin PBXVariantGroup section */
		8B022A4223B24CF600B2932D /* Main.storyboard */ = {
			isa = PBXVariantGroup;
			children = (
				8B022A4323B24CF600B2932D /* Base */,
			);
			name = Main.storyboard;
			sourceTree = "<group>";
		};
		8B022A4723B24CF700B2932D /* LaunchScreen.storyboard */ = {
			isa = PBXVariantGroup;
			children = (
				8B022A4823B24CF700B2932D /* Base */,
			);
			name = LaunchScreen.storyboard;
			sourceTree = "<group>";
		};
/* End PBXVariantGroup section */

/* Begin XCBuildConfiguration section */
		8B022A6123B24CF800B2932D /* Debug */ = {
			isa = XCBuildConfiguration;
			buildSettings = {
				ALWAYS_SEARCH_USER_PATHS = NO;
				CLANG_ANALYZER_NONNULL = YES;
				CLANG_ANALYZER_NUMBER_OBJECT_CONVERSION = YES_AGGRESSIVE;
				CLANG_CXX_LANGUAGE_STANDARD = "gnu++14";
				CLANG_CXX_LIBRARY = "libc++";
				CLANG_ENABLE_MODULES = YES;
				CLANG_ENABLE_OBJC_ARC = YES;
				CLANG_ENABLE_OBJC_WEAK = YES;
				CLANG_WARN_BLOCK_CAPTURE_AUTORELEASING = YES;
				CLANG_WARN_BOOL_CONVERSION = YES;
				CLANG_WARN_COMMA = YES;
				CLANG_WARN_CONSTANT_CONVERSION = YES;
				CLANG_WARN_DEPRECATED_OBJC_IMPLEMENTATIONS = YES;
				CLANG_WARN_DIRECT_OBJC_ISA_USAGE = YES_ERROR;
				CLANG_WARN_DOCUMENTATION_COMMENTS = YES;
				CLANG_WARN_EMPTY_BODY = YES;
				CLANG_WARN_ENUM_CONVERSION = YES;
				CLANG_WARN_INFINITE_RECURSION = YES;
				CLANG_WARN_INT_CONVERSION = YES;
				CLANG_WARN_NON_LITERAL_NULL_CONVERSION = YES;
				CLANG_WARN_OBJC_IMPLICIT_RETAIN_SELF = YES;
				CLANG_WARN_OBJC_LITERAL_CONVERSION = YES;
				CLANG_WARN_OBJC_ROOT_CLASS = YES_ERROR;
				CLANG_WARN_RANGE_LOOP_ANALYSIS = YES;
				CLANG_WARN_STRICT_PROTOTYPES = YES;
				CLANG_WARN_SUSPICIOUS_MOVE = YES;
				CLANG_WARN_UNGUARDED_AVAILABILITY = YES_AGGRESSIVE;
				CLANG_WARN_UNREACHABLE_CODE = YES;
				CLANG_WARN__DUPLICATE_METHOD_MATCH = YES;
				COPY_PHASE_STRIP = NO;
				DEBUG_INFORMATION_FORMAT = dwarf;
				ENABLE_STRICT_OBJC_MSGSEND = YES;
				ENABLE_TESTABILITY = YES;
				GCC_C_LANGUAGE_STANDARD = gnu11;
				GCC_DYNAMIC_NO_PIC = NO;
				GCC_NO_COMMON_BLOCKS = YES;
				GCC_OPTIMIZATION_LEVEL = 0;
				GCC_PREPROCESSOR_DEFINITIONS = (
					"DEBUG=1",
					"$(inherited)",
				);
				GCC_WARN_64_TO_32_BIT_CONVERSION = YES;
				GCC_WARN_ABOUT_RETURN_TYPE = YES_ERROR;
				GCC_WARN_UNDECLARED_SELECTOR = YES;
				GCC_WARN_UNINITIALIZED_AUTOS = YES_AGGRESSIVE;
				GCC_WARN_UNUSED_FUNCTION = YES;
				GCC_WARN_UNUSED_VARIABLE = YES;
				IPHONEOS_DEPLOYMENT_TARGET = 13.2;
				MTL_ENABLE_DEBUG_INFO = INCLUDE_SOURCE;
				MTL_FAST_MATH = YES;
				ONLY_ACTIVE_ARCH = YES;
				SDKROOT = iphoneos;
				SWIFT_ACTIVE_COMPILATION_CONDITIONS = DEBUG;
				SWIFT_OPTIMIZATION_LEVEL = "-Onone";
			};
			name = Debug;
		};
		8B022A6223B24CF800B2932D /* Release */ = {
			isa = XCBuildConfiguration;
			buildSettings = {
				ALWAYS_SEARCH_USER_PATHS = NO;
				CLANG_ANALYZER_NONNULL = YES;
				CLANG_ANALYZER_NUMBER_OBJECT_CONVERSION = YES_AGGRESSIVE;
				CLANG_CXX_LANGUAGE_STANDARD = "gnu++14";
				CLANG_CXX_LIBRARY = "libc++";
				CLANG_ENABLE_MODULES = YES;
				CLANG_ENABLE_OBJC_ARC = YES;
				CLANG_ENABLE_OBJC_WEAK = YES;
				CLANG_WARN_BLOCK_CAPTURE_AUTORELEASING = YES;
				CLANG_WARN_BOOL_CONVERSION = YES;
				CLANG_WARN_COMMA = YES;
				CLANG_WARN_CONSTANT_CONVERSION = YES;
				CLANG_WARN_DEPRECATED_OBJC_IMPLEMENTATIONS = YES;
				CLANG_WARN_DIRECT_OBJC_ISA_USAGE = YES_ERROR;
				CLANG_WARN_DOCUMENTATION_COMMENTS = YES;
				CLANG_WARN_EMPTY_BODY = YES;
				CLANG_WARN_ENUM_CONVERSION = YES;
				CLANG_WARN_INFINITE_RECURSION = YES;
				CLANG_WARN_INT_CONVERSION = YES;
				CLANG_WARN_NON_LITERAL_NULL_CONVERSION = YES;
				CLANG_WARN_OBJC_IMPLICIT_RETAIN_SELF = YES;
				CLANG_WARN_OBJC_LITERAL_CONVERSION = YES;
				CLANG_WARN_OBJC_ROOT_CLASS = YES_ERROR;
				CLANG_WARN_RANGE_LOOP_ANALYSIS = YES;
				CLANG_WARN_STRICT_PROTOTYPES = YES;
				CLANG_WARN_SUSPICIOUS_MOVE = YES;
				CLANG_WARN_UNGUARDED_AVAILABILITY = YES_AGGRESSIVE;
				CLANG_WARN_UNREACHABLE_CODE = YES;
				CLANG_WARN__DUPLICATE_METHOD_MATCH = YES;
				COPY_PHASE_STRIP = NO;
				DEBUG_INFORMATION_FORMAT = "dwarf-with-dsym";
				ENABLE_NS_ASSERTIONS = NO;
				ENABLE_STRICT_OBJC_MSGSEND = YES;
				GCC_C_LANGUAGE_STANDARD = gnu11;
				GCC_NO_COMMON_BLOCKS = YES;
				GCC_WARN_64_TO_32_BIT_CONVERSION = YES;
				GCC_WARN_ABOUT_RETURN_TYPE = YES_ERROR;
				GCC_WARN_UNDECLARED_SELECTOR = YES;
				GCC_WARN_UNINITIALIZED_AUTOS = YES_AGGRESSIVE;
				GCC_WARN_UNUSED_FUNCTION = YES;
				GCC_WARN_UNUSED_VARIABLE = YES;
				IPHONEOS_DEPLOYMENT_TARGET = 13.2;
				MTL_ENABLE_DEBUG_INFO = NO;
				MTL_FAST_MATH = YES;
				SDKROOT = iphoneos;
				SWIFT_COMPILATION_MODE = wholemodule;
				SWIFT_OPTIMIZATION_LEVEL = "-O";
				VALIDATE_PRODUCT = YES;
			};
			name = Release;
		};
		8B022A6423B24CF800B2932D /* Debug */ = {
			isa = XCBuildConfiguration;
			buildSettings = {
				ASSETCATALOG_COMPILER_APPICON_NAME = AppIcon;
				CODE_SIGN_STYLE = Automatic;
				INFOPLIST_FILE = LewisOHerlihy_App/Info.plist;
				LD_RUNPATH_SEARCH_PATHS = (
					"$(inherited)",
					"@executable_path/Frameworks",
				);
				PRODUCT_BUNDLE_IDENTIFIER = "app.LewisOHerlihy-App";
				PRODUCT_NAME = "$(TARGET_NAME)";
				SWIFT_VERSION = 5.0;
				TARGETED_DEVICE_FAMILY = 1;
			};
			name = Debug;
		};
		8B022A6523B24CF800B2932D /* Release */ = {
			isa = XCBuildConfiguration;
			buildSettings = {
				ASSETCATALOG_COMPILER_APPICON_NAME = AppIcon;
				CODE_SIGN_STYLE = Automatic;
				INFOPLIST_FILE = LewisOHerlihy_App/Info.plist;
				LD_RUNPATH_SEARCH_PATHS = (
					"$(inherited)",
					"@executable_path/Frameworks",
				);
				PRODUCT_BUNDLE_IDENTIFIER = "app.LewisOHerlihy-App";
				PRODUCT_NAME = "$(TARGET_NAME)";
				SWIFT_VERSION = 5.0;
				TARGETED_DEVICE_FAMILY = 1;
			};
			name = Release;
		};
		8B022A6723B24CF800B2932D /* Debug */ = {
			isa = XCBuildConfiguration;
			buildSettings = {
				ALWAYS_EMBED_SWIFT_STANDARD_LIBRARIES = YES;
				BUNDLE_LOADER = "$(TEST_HOST)";
				CODE_SIGN_STYLE = Automatic;
				INFOPLIST_FILE = LewisOHerlihy_AppTests/Info.plist;
				IPHONEOS_DEPLOYMENT_TARGET = 13.2;
				LD_RUNPATH_SEARCH_PATHS = (
					"$(inherited)",
					"@executable_path/Frameworks",
					"@loader_path/Frameworks",
				);
				PRODUCT_BUNDLE_IDENTIFIER = "app.LewisOHerlihy-AppTests";
				PRODUCT_NAME = "$(TARGET_NAME)";
				SWIFT_VERSION = 5.0;
				TARGETED_DEVICE_FAMILY = "1,2";
				TEST_HOST = "$(BUILT_PRODUCTS_DIR)/LewisOHerlihy_App.app/LewisOHerlihy_App";
			};
			name = Debug;
		};
		8B022A6823B24CF800B2932D /* Release */ = {
			isa = XCBuildConfiguration;
			buildSettings = {
				ALWAYS_EMBED_SWIFT_STANDARD_LIBRARIES = YES;
				BUNDLE_LOADER = "$(TEST_HOST)";
				CODE_SIGN_STYLE = Automatic;
				INFOPLIST_FILE = LewisOHerlihy_AppTests/Info.plist;
				IPHONEOS_DEPLOYMENT_TARGET = 13.2;
				LD_RUNPATH_SEARCH_PATHS = (
					"$(inherited)",
					"@executable_path/Frameworks",
					"@loader_path/Frameworks",
				);
				PRODUCT_BUNDLE_IDENTIFIER = "app.LewisOHerlihy-AppTests";
				PRODUCT_NAME = "$(TARGET_NAME)";
				SWIFT_VERSION = 5.0;
				TARGETED_DEVICE_FAMILY = "1,2";
				TEST_HOST = "$(BUILT_PRODUCTS_DIR)/LewisOHerlihy_App.app/LewisOHerlihy_App";
			};
			name = Release;
		};
		8B022A6A23B24CF800B2932D /* Debug */ = {
			isa = XCBuildConfiguration;
			buildSettings = {
				ALWAYS_EMBED_SWIFT_STANDARD_LIBRARIES = YES;
				CODE_SIGN_STYLE = Automatic;
				INFOPLIST_FILE = LewisOHerlihy_AppUITests/Info.plist;
				LD_RUNPATH_SEARCH_PATHS = (
					"$(inherited)",
					"@executable_path/Frameworks",
					"@loader_path/Frameworks",
				);
				PRODUCT_BUNDLE_IDENTIFIER = "app.LewisOHerlihy-AppUITests";
				PRODUCT_NAME = "$(TARGET_NAME)";
				SWIFT_VERSION = 5.0;
				TARGETED_DEVICE_FAMILY = "1,2";
				TEST_TARGET_NAME = LewisOHerlihy_App;
			};
			name = Debug;
		};
		8B022A6B23B24CF800B2932D /* Release */ = {
			isa = XCBuildConfiguration;
			buildSettings = {
				ALWAYS_EMBED_SWIFT_STANDARD_LIBRARIES = YES;
				CODE_SIGN_STYLE = Automatic;
				INFOPLIST_FILE = LewisOHerlihy_AppUITests/Info.plist;
				LD_RUNPATH_SEARCH_PATHS = (
					"$(inherited)",
					"@executable_path/Frameworks",
					"@loader_path/Frameworks",
				);
				PRODUCT_BUNDLE_IDENTIFIER = "app.LewisOHerlihy-AppUITests";
				PRODUCT_NAME = "$(TARGET_NAME)";
				SWIFT_VERSION = 5.0;
				TARGETED_DEVICE_FAMILY = "1,2";
				TEST_TARGET_NAME = LewisOHerlihy_App;
			};
			name = Release;
		};
/* End XCBuildConfiguration section */

/* Begin XCConfigurationList section */
		8B022A3423B24CF600B2932D /* Build configuration list for PBXProject "LewisOHerlihy_App" */ = {
			isa = XCConfigurationList;
			buildConfigurations = (
				8B022A6123B24CF800B2932D /* Debug */,
				8B022A6223B24CF800B2932D /* Release */,
			);
			defaultConfigurationIsVisible = 0;
			defaultConfigurationName = Release;
		};
		8B022A6323B24CF800B2932D /* Build configuration list for PBXNativeTarget "LewisOHerlihy_App" */ = {
			isa = XCConfigurationList;
			buildConfigurations = (
				8B022A6423B24CF800B2932D /* Debug */,
				8B022A6523B24CF800B2932D /* Release */,
			);
			defaultConfigurationIsVisible = 0;
			defaultConfigurationName = Release;
		};
		8B022A6623B24CF800B2932D /* Build configuration list for PBXNativeTarget "LewisOHerlihy_AppTests" */ = {
			isa = XCConfigurationList;
			buildConfigurations = (
				8B022A6723B24CF800B2932D /* Debug */,
				8B022A6823B24CF800B2932D /* Release */,
			);
			defaultConfigurationIsVisible = 0;
			defaultConfigurationName = Release;
		};
		8B022A6923B24CF800B2932D /* Build configuration list for PBXNativeTarget "LewisOHerlihy_AppUITests" */ = {
			isa = XCConfigurationList;
			buildConfigurations = (
				8B022A6A23B24CF800B2932D /* Debug */,
				8B022A6B23B24CF800B2932D /* Release */,
			);
			defaultConfigurationIsVisible = 0;
			defaultConfigurationName = Release;
		};
/* End XCConfigurationList section */
	};
	rootObject = 8B022A3123B24CF600B2932D /* Project object */;
}
